
Microsoft Visual Studio Solution File, Format Version 12.00
# Visual Studio Version 17
VisualStudioVersion = 17.8.34322.80
MinimumVisualStudioVersion = 10.0.40219.1
Project("{FAE04EC0-301F-11D3-BF4B-00C04F79EFBC}") = "MdiApplication", "MdiApplication.csproj", "{EE299B36-3AD4-4086-A95C-A2876C84876E}"
EndProject
Global
	GlobalSection(SolutionConfigurationPlatforms) = preSolution
		Debug|Any CPU = Debug|Any CPU
		Release|Any CPU = Release|Any CPU
	EndGlobalSection
	GlobalSection(ProjectConfigurationPlatforms) = postSolution
		{EE299B36-3AD4-4086-A95C-A2876C84876E}.Debug|Any CPU.ActiveCfg = Debug|Any CPU
		{EE299B36-3AD4-4086-A95C-A2876C84876E}.Debug|Any CPU.Build.0 = Debug|Any CPU
		{EE299B36-3AD4-4086-A95C-A2876C84876E}.Release|Any CPU.ActiveCfg = Release|Any CPU
		{EE299B36-3AD4-4086-A95C-A2876C84876E}.Release|Any CPU.Build.0 = Release|Any CPU
	EndGlobalSection
	GlobalSection(SolutionProperties) = preSolution
		HideSolutionNode = FALSE
	EndGlobalSection
	GlobalSection(ExtensibilityGlobals) = postSolution
		SolutionGuid = {94182957-082F-4C17-A972-D18103146615}
	EndGlobalSection
EndGlobal
