
Microsoft Visual Studio Solution File, Format Version 12.00
# Visual Studio Version 17
VisualStudioVersion = 17.8.34322.80
MinimumVisualStudioVersion = 10.0.40219.1
Project("{FAE04EC0-301F-11D3-BF4B-00C04F79EFBC}") = "Balls", "Balls.csproj", "{96CEE129-B72A-45D1-BD6C-4BB1927200D7}"
EndProject
Global
	GlobalSection(SolutionConfigurationPlatforms) = preSolution
		Debug|Any CPU = Debug|Any CPU
		Release|Any CPU = Release|Any CPU
	EndGlobalSection
	GlobalSection(ProjectConfigurationPlatforms) = postSolution
		{96CEE129-B72A-45D1-BD6C-4BB1927200D7}.Debug|Any CPU.ActiveCfg = Debug|Any CPU
		{96CEE129-B72A-45D1-BD6C-4BB1927200D7}.Debug|Any CPU.Build.0 = Debug|Any CPU
		{96CEE129-B72A-45D1-BD6C-4BB1927200D7}.Release|Any CPU.ActiveCfg = Release|Any CPU
		{96CEE129-B72A-45D1-BD6C-4BB1927200D7}.Release|Any CPU.Build.0 = Release|Any CPU
	EndGlobalSection
	GlobalSection(SolutionProperties) = preSolution
		HideSolutionNode = FALSE
	EndGlobalSection
	GlobalSection(ExtensibilityGlobals) = postSolution
		SolutionGuid = {43129869-19B6-42B7-AB61-FBE7BF457501}
	EndGlobalSection
EndGlobal
