
Microsoft Visual Studio Solution File, Format Version 12.00
# Visual Studio Version 17
VisualStudioVersion = 17.8.34322.80
MinimumVisualStudioVersion = 10.0.40219.1
Project("{FAE04EC0-301F-11D3-BF4B-00C04F79EFBC}") = "SinXForm", "SinXForm.csproj", "{8DA579CF-1245-4C9E-93CE-6AF0413A1851}"
EndProject
Global
	GlobalSection(SolutionConfigurationPlatforms) = preSolution
		Debug|Any CPU = Debug|Any CPU
		Release|Any CPU = Release|Any CPU
	EndGlobalSection
	GlobalSection(ProjectConfigurationPlatforms) = postSolution
		{8DA579CF-1245-4C9E-93CE-6AF0413A1851}.Debug|Any CPU.ActiveCfg = Debug|Any CPU
		{8DA579CF-1245-4C9E-93CE-6AF0413A1851}.Debug|Any CPU.Build.0 = Debug|Any CPU
		{8DA579CF-1245-4C9E-93CE-6AF0413A1851}.Release|Any CPU.ActiveCfg = Release|Any CPU
		{8DA579CF-1245-4C9E-93CE-6AF0413A1851}.Release|Any CPU.Build.0 = Release|Any CPU
	EndGlobalSection
	GlobalSection(SolutionProperties) = preSolution
		HideSolutionNode = FALSE
	EndGlobalSection
	GlobalSection(ExtensibilityGlobals) = postSolution
		SolutionGuid = {611EF4D1-F26C-46EE-933E-3B190D03FC30}
	EndGlobalSection
EndGlobal
