
Microsoft Visual Studio Solution File, Format Version 12.00
# Visual Studio Version 17
VisualStudioVersion = 17.8.34322.80
MinimumVisualStudioVersion = 10.0.40219.1
Project("{FAE04EC0-301F-11D3-BF4B-00C04F79EFBC}") = "AsyncWF", "AsyncWF.csproj", "{B99F9BEC-3C7D-4826-8E05-D83A9A5F7CFC}"
EndProject
Global
	GlobalSection(SolutionConfigurationPlatforms) = preSolution
		Debug|Any CPU = Debug|Any CPU
		Release|Any CPU = Release|Any CPU
	EndGlobalSection
	GlobalSection(ProjectConfigurationPlatforms) = postSolution
		{B99F9BEC-3C7D-4826-8E05-D83A9A5F7CFC}.Debug|Any CPU.ActiveCfg = Debug|Any CPU
		{B99F9BEC-3C7D-4826-8E05-D83A9A5F7CFC}.Debug|Any CPU.Build.0 = Debug|Any CPU
		{B99F9BEC-3C7D-4826-8E05-D83A9A5F7CFC}.Release|Any CPU.ActiveCfg = Release|Any CPU
		{B99F9BEC-3C7D-4826-8E05-D83A9A5F7CFC}.Release|Any CPU.Build.0 = Release|Any CPU
	EndGlobalSection
	GlobalSection(SolutionProperties) = preSolution
		HideSolutionNode = FALSE
	EndGlobalSection
	GlobalSection(ExtensibilityGlobals) = postSolution
		SolutionGuid = {DF8C8876-E256-4538-AB3E-08ED17806C8E}
	EndGlobalSection
EndGlobal
